
Microsoft Visual Studio Solution File, Format Version 12.00
# Visual Studio 15
Project("{FAE04EC0-301F-11D3-BF4B-00C04F79EFBC}") = "Assembly-CSharp", "Assembly-CSharp.csproj", "{4F82A791-96AC-D941-565E-15F1AD5A7A1C}"
EndProject
Project("{FAE04EC0-301F-11D3-BF4B-00C04F79EFBC}") = "Assembly-CSharp-Editor", "Assembly-CSharp-Editor.csproj", "{8770753D-7939-3815-40FD-97F7727B3B9A}"
EndProject
Global
	GlobalSection(SolutionConfigurationPlatforms) = preSolution
		Debug|Any CPU = Debug|Any CPU
		Release|Any CPU = Release|Any CPU
	EndGlobalSection
	GlobalSection(ProjectConfigurationPlatforms) = postSolution
		{4F82A791-96AC-D941-565E-15F1AD5A7A1C}.Debug|Any CPU.ActiveCfg = Debug|Any CPU
		{4F82A791-96AC-D941-565E-15F1AD5A7A1C}.Debug|Any CPU.Build.0 = Debug|Any CPU
		{4F82A791-96AC-D941-565E-15F1AD5A7A1C}.Release|Any CPU.ActiveCfg = Release|Any CPU
		{4F82A791-96AC-D941-565E-15F1AD5A7A1C}.Release|Any CPU.Build.0 = Release|Any CPU
		{8770753D-7939-3815-40FD-97F7727B3B9A}.Debug|Any CPU.ActiveCfg = Debug|Any CPU
		{8770753D-7939-3815-40FD-97F7727B3B9A}.Debug|Any CPU.Build.0 = Debug|Any CPU
		{8770753D-7939-3815-40FD-97F7727B3B9A}.Release|Any CPU.ActiveCfg = Release|Any CPU
		{8770753D-7939-3815-40FD-97F7727B3B9A}.Release|Any CPU.Build.0 = Release|Any CPU
	EndGlobalSection
	GlobalSection(SolutionProperties) = preSolution
		HideSolutionNode = FALSE
	EndGlobalSection
EndGlobal
